
Microsoft Visual Studio Solution File, Format Version 12.00
# Visual Studio 15
VisualStudioVersion = 15.0.28307.329
MinimumVisualStudioVersion = 10.0.40219.1
Project("{FAE04EC0-301F-11D3-BF4B-00C04F79EFBC}") = "UserLookup", "UserLookup\UserLookup.csproj", "{AB784284-F42C-48B0-A6CB-977034A55008}"
EndProject
Global
	GlobalSection(SolutionConfigurationPlatforms) = preSolution
		Debug|Any CPU = Debug|Any CPU
		Release|Any CPU = Release|Any CPU
	EndGlobalSection
	GlobalSection(ProjectConfigurationPlatforms) = postSolution
		{AB784284-F42C-48B0-A6CB-977034A55008}.Debug|Any CPU.ActiveCfg = Debug|Any CPU
		{AB784284-F42C-48B0-A6CB-977034A55008}.Debug|Any CPU.Build.0 = Debug|Any CPU
		{AB784284-F42C-48B0-A6CB-977034A55008}.Release|Any CPU.ActiveCfg = Release|Any CPU
		{AB784284-F42C-48B0-A6CB-977034A55008}.Release|Any CPU.Build.0 = Release|Any CPU
	EndGlobalSection
	GlobalSection(SolutionProperties) = preSolution
		HideSolutionNode = FALSE
	EndGlobalSection
	GlobalSection(ExtensibilityGlobals) = postSolution
		SolutionGuid = {3AFD0FA4-73D4-4B29-9F84-0D4CAAD02291}
	EndGlobalSection
EndGlobal
